{
  "name": "scripts",
  "version": "1.0.0",
  "lockfileVersion": 3,
  "requires": true,
  "packages": {
    "": {
      "name": "scripts",
      "version": "1.0.0",
      "license": "ISC",
      "dependencies": {
        "@call-e/cli": "^0.5.1"
      }
    },
    "node_modules/@call-e/cli": {
      "version": "0.5.1",
      "resolved": "https://registry.npmjs.org/@call-e/cli/-/cli-0.5.1.tgz",
      "integrity": "sha512-jNlS1IqYlYiMZTHmL53u+Nm+jFg1j04ELBGG3wo0aoaTPxp9W4ijFGFuplv3wMrPhdYhN/LtaW3bsoYoId8P3g==",
      "license": "MIT",
      "dependencies": {
        "@call-e/core": "^0.3.1"
      },
      "bin": {
        "calle": "bin/calle.js"
      },
      "engines": {
        "node": ">=22"
      }
    },
    "node_modules/@call-e/core": {
      "version": "0.3.1",
      "resolved": "https://registry.npmjs.org/@call-e/core/-/core-0.3.1.tgz",
      "integrity": "sha512-vvwpPJvdacVry7EYAUVRRlBq6rctIIhpcys1Yg2h8lXsoT+un480By2bTPN4JPppKS+QCk8jojPLrc+7MWRtLA==",
      "license": "MIT",
      "engines": {
        "node": ">=22"
      }
    }
  }
}
